
Microsoft Visual Studio Solution File, Format Version 12.00
# Visual Studio 15
VisualStudioVersion = 15.0.27130.2024
MinimumVisualStudioVersion = 10.0.40219.1
Project("{FAE04EC0-301F-11D3-BF4B-00C04F79EFBC}") = "ComingSoon", "ComingSoon\ComingSoon.csproj", "{5E7BD91B-3A66-49CB-824B-255C3C8EEBEE}"
EndProject
Global
	GlobalSection(SolutionConfigurationPlatforms) = preSolution
		Debug|Any CPU = Debug|Any CPU
		Release|Any CPU = Release|Any CPU
	EndGlobalSection
	GlobalSection(ProjectConfigurationPlatforms) = postSolution
		{5E7BD91B-3A66-49CB-824B-255C3C8EEBEE}.Debug|Any CPU.ActiveCfg = Debug|Any CPU
		{5E7BD91B-3A66-49CB-824B-255C3C8EEBEE}.Debug|Any CPU.Build.0 = Debug|Any CPU
		{5E7BD91B-3A66-49CB-824B-255C3C8EEBEE}.Release|Any CPU.ActiveCfg = Release|Any CPU
		{5E7BD91B-3A66-49CB-824B-255C3C8EEBEE}.Release|Any CPU.Build.0 = Release|Any CPU
	EndGlobalSection
	GlobalSection(SolutionProperties) = preSolution
		HideSolutionNode = FALSE
	EndGlobalSection
	GlobalSection(ExtensibilityGlobals) = postSolution
		SolutionGuid = {FD87BEAA-DC54-4CAB-BF44-46B7AF0D60F8}
	EndGlobalSection
EndGlobal
